{
    "version": 3,
    "terraform_version": "0.10.6",
    "serial": 2,
    "lineage": "ca22c67f-09c8-4f84-b53e-34b8272fce41",
    "modules": [
        {
            "path": [
                "root"
            ],
            "outputs": {},
            "resources": {
                "aws_s3_bucket.site": {
                    "type": "aws_s3_bucket",
                    "depends_on": [],
                    "primary": {
                        "id": "echt.test.us-west-2",
                        "attributes": {
                            "acceleration_status": "",
                            "acl": "public-read",
                            "arn": "arn:aws:s3:::echt.test.us-west-2",
                            "bucket": "echt.test.us-west-2",
                            "bucket_domain_name": "echt.test.us-west-2.s3.amazonaws.com",
                            "force_destroy": "true",
                            "hosted_zone_id": "Z3BJ6K6RIION7M",
                            "id": "echt.test.us-west-2",
                            "logging.#": "0",
                            "policy": "{\"Id\":\"bucket_policy_site\",\"Statement\":[{\"Action\":\"s3:GetObject\",\"Effect\":\"Allow\",\"Principal\":\"*\",\"Resource\":\"arn:aws:s3:::echt.test.us-west-2/*\",\"Sid\":\"bucket_policy_site_main\"}],\"Version\":\"2012-10-17\"}",
                            "region": "us-west-2",
                            "request_payer": "BucketOwner",
                            "tags.%": "0",
                            "versioning.#": "1",
                            "versioning.0.enabled": "false",
                            "versioning.0.mfa_delete": "false",
                            "website.#": "0"
                        },
                        "meta": {},
                        "tainted": false
                    },
                    "deposed": [],
                    "provider": ""
                }
            },
            "depends_on": []
        }
    ]
}
